{
  "name": "client",
  "lockfileVersion": 3,
  "requires": true,
  "packages": {
    "": {
      "devDependencies": {
        "@types/react-speech-recognition": "^3.9.6"
      }
    },
    "node_modules/@types/dom-speech-recognition": {
      "version": "0.0.6",
      "resolved": "https://registry.npmjs.org/@types/dom-speech-recognition/-/dom-speech-recognition-0.0.6.tgz",
      "integrity": "sha512-o7pAVq9UQPJL5RDjO1f/fcpfFHdgiMnR4PoIU2N/ZQrYOS3C5rzdOJMsrpqeBCbii2EE9mERXgqspQqPDdPahw==",
      "dev": true,
      "license": "MIT"
    },
    "node_modules/@types/react-speech-recognition": {
      "version": "3.9.6",
      "resolved": "https://registry.npmjs.org/@types/react-speech-recognition/-/react-speech-recognition-3.9.6.tgz",
      "integrity": "sha512-cdzwXIZXWyp8zfM2XI7APDW1rZf4Nz73T4SIS2y+cC7zHnZluCdumYKH6HacxgxJH+zemAq2oXbHWXcyW0eT3A==",
      "dev": true,
      "license": "MIT",
      "dependencies": {
        "@types/dom-speech-recognition": "*"
      }
    }
  }
}
